{
  "nodes": {
    "migrant": {
      "flake": false,
      "locked": {
        "lastModified": 1788069355,
        "narHash": "sha256-qeMvKOw1qKomkXWoMdMrNKkwa8cOMAGeUtqDonJV2Ro=",
        "owner": "pigmonkey",
        "repo": "migrant",
        "rev": "6fc008a5f500c17ef21a38f421272472596adfd6",
        "type": "github"
      },
      "original": {
        "owner": "pigmonkey",
        "repo": "migrant",
        "type": "github"
      }
    },
    "nixpkgs": {
      "locked": {
        "lastModified": 1785002762,
        "narHash": "sha256-Y0BbgB3BLLHEUK88g4oSp3DerIx7rCX0iwICKJcY7/c=",
        "owner": "NixOS",
        "repo": "nixpkgs",
        "rev": "f7a2e428f5d71c47a5a938a3c5ad7138bb291093",
        "type": "github"
      },
      "original": {
        "owner": "NixOS",
        "ref": "nixos-26.05",
        "repo": "nixpkgs",
        "type": "github"
      }
    },
    "root": {
      "inputs": {
        "migrant": "migrant",
        "nixpkgs": "nixpkgs"
      }
    }
  },
  "root": "root",
  "version": 7
}
