{
  "nodes": {
    "migrant": {
      "flake": false,
      "locked": {
        "lastModified": 1785177493,
        "narHash": "sha256-yIEt/Zlo6ct9EoR0xSM/YERd7NTVfkEZmTRgkfjXUNw=",
        "owner": "pigmonkey",
        "repo": "migrant",
        "rev": "c91f18fd3b9043ca9e82abff405c7a9033ecaec1",
        "type": "github"
      },
      "original": {
        "owner": "pigmonkey",
        "repo": "migrant",
        "type": "github"
      }
    },
    "nixpkgs": {
      "locked": {
        "lastModified": 1785002762,
        "narHash": "sha256-Y0BbgB3BLLHEUK88g4oSp3DerIx7rCX0iwICKJcY7/c=",
        "owner": "NixOS",
        "repo": "nixpkgs",
        "rev": "f7a2e428f5d71c47a5a938a3c5ad7138bb291093",
        "type": "github"
      },
      "original": {
        "owner": "NixOS",
        "ref": "nixos-26.05",
        "repo": "nixpkgs",
        "type": "github"
      }
    },
    "root": {
      "inputs": {
        "migrant": "migrant",
        "nixpkgs": "nixpkgs"
      }
    }
  },
  "root": "root",
  "version": 7
}
